
Microsoft Visual Studio Solution File, Format Version 12.00
# Visual Studio 15
VisualStudioVersion = 15.0.27130.2036
MinimumVisualStudioVersion = 10.0.40219.1
Project("{FAE04EC0-301F-11D3-BF4B-00C04F79EFBC}") = "Lessons.DependencyInjection", "Lessons.DependencyInjection.csproj", "{BFF21FFB-DFB6-435B-AF89-EB8BDDA1B18D}"
EndProject
Global
	GlobalSection(SolutionConfigurationPlatforms) = preSolution
		Debug|Any CPU = Debug|Any CPU
		Release|Any CPU = Release|Any CPU
	EndGlobalSection
	GlobalSection(ProjectConfigurationPlatforms) = postSolution
		{BFF21FFB-DFB6-435B-AF89-EB8BDDA1B18D}.Debug|Any CPU.ActiveCfg = Debug|Any CPU
		{BFF21FFB-DFB6-435B-AF89-EB8BDDA1B18D}.Debug|Any CPU.Build.0 = Debug|Any CPU
		{BFF21FFB-DFB6-435B-AF89-EB8BDDA1B18D}.Release|Any CPU.ActiveCfg = Release|Any CPU
		{BFF21FFB-DFB6-435B-AF89-EB8BDDA1B18D}.Release|Any CPU.Build.0 = Release|Any CPU
	EndGlobalSection
	GlobalSection(SolutionProperties) = preSolution
		HideSolutionNode = FALSE
	EndGlobalSection
	GlobalSection(ExtensibilityGlobals) = postSolution
		SolutionGuid = {8B2C2C59-B858-4AAD-B7DE-A697A82ADD2C}
	EndGlobalSection
EndGlobal
