
Microsoft Visual Studio Solution File, Format Version 12.00
# Visual Studio 15
VisualStudioVersion = 15.0.27130.2036
MinimumVisualStudioVersion = 10.0.40219.1
Project("{FAE04EC0-301F-11D3-BF4B-00C04F79EFBC}") = "TraineeManagement", "TraineeManagement\TraineeManagement.csproj", "{8345ED46-BAF7-4D7A-8D3B-157DCF4FDA5D}"
EndProject
Global
	GlobalSection(SolutionConfigurationPlatforms) = preSolution
		Debug|Any CPU = Debug|Any CPU
		Release|Any CPU = Release|Any CPU
	EndGlobalSection
	GlobalSection(ProjectConfigurationPlatforms) = postSolution
		{8345ED46-BAF7-4D7A-8D3B-157DCF4FDA5D}.Debug|Any CPU.ActiveCfg = Debug|Any CPU
		{8345ED46-BAF7-4D7A-8D3B-157DCF4FDA5D}.Debug|Any CPU.Build.0 = Debug|Any CPU
		{8345ED46-BAF7-4D7A-8D3B-157DCF4FDA5D}.Release|Any CPU.ActiveCfg = Release|Any CPU
		{8345ED46-BAF7-4D7A-8D3B-157DCF4FDA5D}.Release|Any CPU.Build.0 = Release|Any CPU
	EndGlobalSection
	GlobalSection(SolutionProperties) = preSolution
		HideSolutionNode = FALSE
	EndGlobalSection
	GlobalSection(ExtensibilityGlobals) = postSolution
		SolutionGuid = {043D1E6C-355C-4DE1-8B78-2C9B6FB0EDC3}
	EndGlobalSection
EndGlobal
